schema: '2.0'
stages:
  data_ingestion:
    cmd: python src/data/data_ingestion.py
    deps:
    - path: src/data/data_ingestion.py
      hash: md5
      md5: 31de6f520eee0801f2ba499b06adaeee
      size: 3745
    params:
      params.yaml:
        data_ingestion.page_size: 100
        data_ingestion.pages: 37
    outs:
    - path: data/raw
      hash: md5
      md5: f4ccc4d1946d9366bdf82f04c743e90b.dir
      size: 3332892
      nfiles: 1
  data_preprocessing:
    cmd: python src/data/data_preprocessing.py
    deps:
    - path: data/raw
      hash: md5
      md5: f4ccc4d1946d9366bdf82f04c743e90b.dir
      size: 3332892
      nfiles: 1
    - path: src/data/data_preprocessing.py
      hash: md5
      md5: 403a22aaf717942542b9d79fad7eaaf0
      size: 4227
    outs:
    - path: data/processed
      hash: md5
      md5: 2dcd27bf923dcfa9af6a3dd9cc9a1116.dir
      size: 3205946
      nfiles: 1
  feature_engineering:
    cmd: python src/features/feature_eng.py
    deps:
    - path: data/processed
      hash: md5
      md5: 2dcd27bf923dcfa9af6a3dd9cc9a1116.dir
      size: 3205946
      nfiles: 1
    - path: src/features/feature_eng.py
      hash: md5
      md5: 78e03bfdbe0a5791ab37b3c9fbc75044
      size: 5971
    params:
      params.yaml:
        feature_engineering.max_df: 0.85
        feature_engineering.max_features: 15000
        feature_engineering.min_df: 0.002
        feature_engineering.random_state: 42
        feature_engineering.stop_words: english
        feature_engineering.test_size: 0.2
        feature_engineering.use_idf: true
    outs:
    - path: data/interim
      hash: md5
      md5: 954ce362f091249caec5e585812ac018.dir
      size: 53113105
      nfiles: 3
    - path: models/tfidf.pkl
      hash: md5
      md5: 3fdb7d1fae36557f449ad63d1077ba36
      size: 123992
  model_training:
    cmd: python src/models/model_training.py
    deps:
    - path: data/interim
      hash: md5
      md5: 954ce362f091249caec5e585812ac018.dir
      size: 53113105
      nfiles: 3
    - path: src/models/model_training.py
      hash: md5
      md5: a331d44385ee2016ce0f4b772db318cd
      size: 3867
    params:
      params.yaml:
        model_training.learning_rate: 0.1
        model_training.max_depth: 8
        model_training.n_estimators: 150
    outs:
    - path: model.pkl
      hash: md5
      md5: 7d979acaf8545b68105a22a47134c9c3
      size: 1342689
  model_evaluation:
    cmd: python src/models/model_evaluation.py
    deps:
    - path: data/interim
      hash: md5
      md5: 11d2f74f94223844849a3cd84da79940.dir
      size: 53115328
      nfiles: 4
    - path: model.pkl
      hash: md5
      md5: 7d979acaf8545b68105a22a47134c9c3
      size: 1342689
    - path: src/models/model_evaluation.py
      hash: md5
      md5: 78c5b911ca663f469ea50d7d98fd8cb7
      size: 6915
    outs:
    - path: metrics.json
      hash: md5
      md5: 1e60c1c715b10a988ff3fdbb614d7636
      size: 143
    - path: reports/exp_info.json
      hash: md5
      md5: 79db6fe5e04f705a9542c0e7361ad97c
      size: 82
  model_registration:
    cmd: python src/models/model_registry.py
    deps:
    - path: reports/exp_info.json
      hash: md5
      md5: 79db6fe5e04f705a9542c0e7361ad97c
      size: 82
    - path: src/models/model_registry.py
      hash: md5
      md5: a891c1c7ef2048fe865b9fbbc77f826b
      size: 2858
